
Microsoft Visual Studio Solution File, Format Version 12.00
# Visual Studio Version 16
VisualStudioVersion = 25.0.1706.0
MinimumVisualStudioVersion = 10.0.40219.1
Project("{FAE04EC0-301F-11D3-BF4B-00C04F79EFBC}") = "DogsAPI", "DogsAPI\DogsAPI.csproj", "{E44C97B8-166B-4478-9E95-231E14BCD884}"
EndProject
Project("{FAE04EC0-301F-11D3-BF4B-00C04F79EFBC}") = "DAL", "DAL\DAL.csproj", "{14A34AA6-9139-476D-9370-89FA1B8945ED}"
EndProject
Global
	GlobalSection(SolutionConfigurationPlatforms) = preSolution
		Debug|Any CPU = Debug|Any CPU
		Release|Any CPU = Release|Any CPU
	EndGlobalSection
	GlobalSection(ProjectConfigurationPlatforms) = postSolution
		{E44C97B8-166B-4478-9E95-231E14BCD884}.Debug|Any CPU.ActiveCfg = Debug|Any CPU
		{E44C97B8-166B-4478-9E95-231E14BCD884}.Debug|Any CPU.Build.0 = Debug|Any CPU
		{E44C97B8-166B-4478-9E95-231E14BCD884}.Release|Any CPU.ActiveCfg = Release|Any CPU
		{E44C97B8-166B-4478-9E95-231E14BCD884}.Release|Any CPU.Build.0 = Release|Any CPU
		{14A34AA6-9139-476D-9370-89FA1B8945ED}.Debug|Any CPU.ActiveCfg = Debug|Any CPU
		{14A34AA6-9139-476D-9370-89FA1B8945ED}.Debug|Any CPU.Build.0 = Debug|Any CPU
		{14A34AA6-9139-476D-9370-89FA1B8945ED}.Release|Any CPU.ActiveCfg = Release|Any CPU
		{14A34AA6-9139-476D-9370-89FA1B8945ED}.Release|Any CPU.Build.0 = Release|Any CPU
	EndGlobalSection
	GlobalSection(SolutionProperties) = preSolution
		HideSolutionNode = FALSE
	EndGlobalSection
	GlobalSection(ExtensibilityGlobals) = postSolution
		SolutionGuid = {0474E527-DCE8-4B83-ADC2-481F6068D878}
	EndGlobalSection
EndGlobal
